<?xml version="1.0" encoding="utf-8"?>
<Project ToolsVersion="4.0" xmlns="http://schemas.microsoft.com/developer/msbuild/2003">
  <ItemGroup>
    <ClCompile Include="PFAI.cpp" />
    <ClCompile Include="Public\DataDefine.cpp">
      <Filter>Public</Filter>
    </ClCompile>
    <ClCompile Include="Public\Public.cpp">
      <Filter>Public</Filter>
    </ClCompile>
    <ClCompile Include="Public\Table\Table_All_Impl.cpp">
      <Filter>Public\Table</Filter>
    </ClCompile>
    <ClCompile Include="Routine\GameStruct_Scene.cpp">
      <Filter>Routine</Filter>
    </ClCompile>
    <ClCompile Include="Routine\Scene.cpp">
      <Filter>Routine</Filter>
    </ClCompile>
    <ClCompile Include="Scene\AI\AIBehavior\AIBehaviorInfo.cpp">
      <Filter>Scene\AI\AIBehavior</Filter>
    </ClCompile>
    <ClCompile Include="Scene\AI\AIBehavior\AIBPatrol.cpp">
      <Filter>Scene\AI\AIBehavior</Filter>
    </ClCompile>
    <ClCompile Include="Scene\AI\AIBehavior\AIBSkill.cpp">
      <Filter>Scene\AI\AIBehavior</Filter>
    </ClCompile>
    <ClCompile Include="Scene\AI\AIBehavior\IBehavior.cpp">
      <Filter>Scene\AI\AIBehavior</Filter>
    </ClCompile>
    <ClCompile Include="Scene\AI\AICondition\AIConGotoPoint.cpp">
      <Filter>Scene\AI\AICondition</Filter>
    </ClCompile>
    <ClCompile Include="Scene\AI\AICondition\AIConHP.cpp">
      <Filter>Scene\AI\AICondition</Filter>
    </ClCompile>
    <ClCompile Include="Scene\AI\AICondition\AIConInCombat.cpp">
      <Filter>Scene\AI\AICondition</Filter>
    </ClCompile>
    <ClCompile Include="Scene\AI\AICondition\AIConMP.cpp">
      <Filter>Scene\AI\AICondition</Filter>
    </ClCompile>
    <ClCompile Include="Scene\AI\AICondition\IAICon.cpp">
      <Filter>Scene\AI\AICondition</Filter>
    </ClCompile>
    <ClCompile Include="Scene\AI\AIGoalSensor\IGoal.cpp">
      <Filter>Scene\AI\AIGoalSensor</Filter>
    </ClCompile>
    <ClCompile Include="Scene\AI\AIPolicy\AIBossPolicy.cpp">
      <Filter>Scene\AI\AIPolicy</Filter>
    </ClCompile>
    <ClCompile Include="Scene\AI\AIPolicy\IAIPolicy.cpp">
      <Filter>Scene\AI\AIPolicy</Filter>
    </ClCompile>
    <ClCompile Include="Scene\AI\AIPolicy\AIPartnerPolicy.cpp">
      <Filter>Scene\AI\AIPolicy</Filter>
    </ClCompile>
    <ClCompile Include="Scene\AI\AIKnowledge\AIKnowledge.cpp">
      <Filter>Scene\AI\AIKnowledge</Filter>
    </ClCompile>
    <ClCompile Include="Scene\AI\AIDebugable\DbgController.cpp">
      <Filter>Scene\AI\AIDebugable</Filter>
    </ClCompile>
    <ClCompile Include="Scene\AI\AIDebugable\DbgInfo.cpp">
      <Filter>Scene\AI\AIDebugable</Filter>
    </ClCompile>
    <ClCompile Include="Scene\AI\AIDebugable\IDbgNess.cpp">
      <Filter>Scene\AI\AIDebugable</Filter>
    </ClCompile>
    <ClCompile Include="Scene\AI\GameDfine_AI\AIDefine.cpp">
      <Filter>Scene\AI\GameDfine_AI</Filter>
    </ClCompile>
    <ClCompile Include="Scene\Obj\Obj_Char.cpp">
      <Filter>Scene\Obj</Filter>
    </ClCompile>
    <ClCompile Include="Scene\Obj\Obj_NPC.cpp">
      <Filter>Scene\Obj</Filter>
    </ClCompile>
    <ClCompile Include="Scene\Obj\Obj_Player.cpp">
      <Filter>Scene\Obj</Filter>
    </ClCompile>
    <ClCompile Include="Editor\EDScene.cpp">
      <Filter>Editor</Filter>
    </ClCompile>
    <ClCompile Include="Scene\AI\AICondition\AIConFactory.cpp">
      <Filter>Scene\AI\AICondition</Filter>
    </ClCompile>
    <ClCompile Include="Public\Utils\GenId.cpp" />
  </ItemGroup>
  <ItemGroup>
    <ClInclude Include="Public\DataDefine.h">
      <Filter>Public</Filter>
    </ClInclude>
    <ClInclude Include="Public\Public.h">
      <Filter>Public</Filter>
    </ClInclude>
    <ClInclude Include="Public\Table\Table_NpcAIBehavior.h">
      <Filter>Public\Table</Filter>
    </ClInclude>
    <ClInclude Include="Public\Table\Table_NpcAICondition.h">
      <Filter>Public\Table</Filter>
    </ClInclude>
    <ClInclude Include="Public\Table\Table_NpcAIGoalSensor.h">
      <Filter>Public\Table</Filter>
    </ClInclude>
    <ClInclude Include="Public\Table\Table_NpcAIPolicy.h">
      <Filter>Public\Table</Filter>
    </ClInclude>
    <ClInclude Include="Public\Table\Table_NpcAIPolicyRoot.h">
      <Filter>Public\Table</Filter>
    </ClInclude>
    <ClInclude Include="Public\Solar\solar_table_inst.h">
      <Filter>Public\Solar</Filter>
    </ClInclude>
    <ClInclude Include="Public\Solar\sol_assert.h">
      <Filter>Public\Solar</Filter>
    </ClInclude>
    <ClInclude Include="Public\Solar\sol_table.h">
      <Filter>Public\Solar</Filter>
    </ClInclude>
    <ClInclude Include="Public\Solar\sol_table_file.h">
      <Filter>Public\Solar</Filter>
    </ClInclude>
    <ClInclude Include="Routine\GameStruct_Scene.h">
      <Filter>Routine</Filter>
    </ClInclude>
    <ClInclude Include="Routine\Scene.h">
      <Filter>Routine</Filter>
    </ClInclude>
    <ClInclude Include="Scene\AI\AIBehavior\AIBehaviorInfo.h">
      <Filter>Scene\AI\AIBehavior</Filter>
    </ClInclude>
    <ClInclude Include="Scene\AI\AIBehavior\AIBPatrol.h">
      <Filter>Scene\AI\AIBehavior</Filter>
    </ClInclude>
    <ClInclude Include="Scene\AI\AIBehavior\AIBSkill.h">
      <Filter>Scene\AI\AIBehavior</Filter>
    </ClInclude>
    <ClInclude Include="Scene\AI\AIBehavior\IBehavior.h">
      <Filter>Scene\AI\AIBehavior</Filter>
    </ClInclude>
    <ClInclude Include="Scene\AI\AICondition\AIConGotoPoint.h">
      <Filter>Scene\AI\AICondition</Filter>
    </ClInclude>
    <ClInclude Include="Scene\AI\AICondition\AIConHP.h">
      <Filter>Scene\AI\AICondition</Filter>
    </ClInclude>
    <ClInclude Include="Scene\AI\AICondition\AIConInCombat.h">
      <Filter>Scene\AI\AICondition</Filter>
    </ClInclude>
    <ClInclude Include="Scene\AI\AICondition\AIConMP.h">
      <Filter>Scene\AI\AICondition</Filter>
    </ClInclude>
    <ClInclude Include="Scene\AI\AICondition\IAICon.h">
      <Filter>Scene\AI\AICondition</Filter>
    </ClInclude>
    <ClInclude Include="Scene\AI\AIGoalSensor\IGoal.h">
      <Filter>Scene\AI\AIGoalSensor</Filter>
    </ClInclude>
    <ClInclude Include="Scene\AI\AIPolicy\AIBossPolicy.h">
      <Filter>Scene\AI\AIPolicy</Filter>
    </ClInclude>
    <ClInclude Include="Scene\AI\AIPolicy\IAIPolicy.h">
      <Filter>Scene\AI\AIPolicy</Filter>
    </ClInclude>
    <ClInclude Include="Scene\AI\AIPolicy\AIPartnerPolicy.h">
      <Filter>Scene\AI\AIPolicy</Filter>
    </ClInclude>
    <ClInclude Include="Scene\AI\AIKnowledge\AIKnowledge.h">
      <Filter>Scene\AI\AIKnowledge</Filter>
    </ClInclude>
    <ClInclude Include="Scene\AI\AIDebugable\DbgController.h">
      <Filter>Scene\AI\AIDebugable</Filter>
    </ClInclude>
    <ClInclude Include="Scene\AI\AIDebugable\DbgInfo.h">
      <Filter>Scene\AI\AIDebugable</Filter>
    </ClInclude>
    <ClInclude Include="Scene\AI\AIDebugable\IDbgNess.h">
      <Filter>Scene\AI\AIDebugable</Filter>
    </ClInclude>
    <ClInclude Include="Scene\AI\GameDfine_AI\AIDefine.h">
      <Filter>Scene\AI\GameDfine_AI</Filter>
    </ClInclude>
    <ClInclude Include="Scene\Obj\Obj_Char.h">
      <Filter>Scene\Obj</Filter>
    </ClInclude>
    <ClInclude Include="Scene\Obj\Obj_NPC.h">
      <Filter>Scene\Obj</Filter>
    </ClInclude>
    <ClInclude Include="Scene\Obj\Obj_Player.h">
      <Filter>Scene\Obj</Filter>
    </ClInclude>
    <ClInclude Include="Public\Utils\Logger.h">
      <Filter>Public\Utils</Filter>
    </ClInclude>
    <ClInclude Include="Public\Utils\Time.h">
      <Filter>Public\Utils</Filter>
    </ClInclude>
    <ClInclude Include="Editor\EDScene.h">
      <Filter>Editor</Filter>
    </ClInclude>
    <ClInclude Include="Bridge\IBridge.h">
      <Filter>Bridge</Filter>
    </ClInclude>
    <ClInclude Include="Public\Utils\Utils.h">
      <Filter>Public\Utils</Filter>
    </ClInclude>
    <ClInclude Include="Scene\AI\AICondition\AIConFactory.h">
      <Filter>Scene\AI\AICondition</Filter>
    </ClInclude>
    <ClInclude Include="Public\Utils\fmt\args.h">
      <Filter>Public\Utils\fmt</Filter>
    </ClInclude>
    <ClInclude Include="Public\Utils\fmt\base.h">
      <Filter>Public\Utils\fmt</Filter>
    </ClInclude>
    <ClInclude Include="Public\Utils\fmt\chrono.h">
      <Filter>Public\Utils\fmt</Filter>
    </ClInclude>
    <ClInclude Include="Public\Utils\fmt\color.h">
      <Filter>Public\Utils\fmt</Filter>
    </ClInclude>
    <ClInclude Include="Public\Utils\fmt\compile.h">
      <Filter>Public\Utils\fmt</Filter>
    </ClInclude>
    <ClInclude Include="Public\Utils\fmt\core.h">
      <Filter>Public\Utils\fmt</Filter>
    </ClInclude>
    <ClInclude Include="Public\Utils\fmt\format.h">
      <Filter>Public\Utils\fmt</Filter>
    </ClInclude>
    <ClInclude Include="Public\Utils\fmt\format-inl.h">
      <Filter>Public\Utils\fmt</Filter>
    </ClInclude>
    <ClInclude Include="Public\Utils\fmt\os.h">
      <Filter>Public\Utils\fmt</Filter>
    </ClInclude>
    <ClInclude Include="Public\Utils\fmt\ostream.h">
      <Filter>Public\Utils\fmt</Filter>
    </ClInclude>
    <ClInclude Include="Public\Utils\fmt\printf.h">
      <Filter>Public\Utils\fmt</Filter>
    </ClInclude>
    <ClInclude Include="Public\Utils\fmt\ranges.h">
      <Filter>Public\Utils\fmt</Filter>
    </ClInclude>
    <ClInclude Include="Public\Utils\fmt\std.h">
      <Filter>Public\Utils\fmt</Filter>
    </ClInclude>
    <ClInclude Include="Public\Utils\fmt\xchar.h">
      <Filter>Public\Utils\fmt</Filter>
    </ClInclude>
    <ClInclude Include="Scene\AI\AIBehavior\BehaviorFactory.h">
      <Filter>Scene\AI\AIBehavior</Filter>
    </ClInclude>
    <ClInclude Include="Public\Utils\GenId.h" />
    <ClInclude Include="Scene\AI\AISignal\AISignal.h">
      <Filter>Scene\AI\AISignal</Filter>
    </ClInclude>
    <ClInclude Include="Scene\AI\AISignal\AISignalDispacher.h">
      <Filter>Scene\AI\AISignal</Filter>
    </ClInclude>
  </ItemGroup>
  <ItemGroup>
    <Filter Include="Public">
      <UniqueIdentifier>{a380efa8-17e2-43dc-a1ab-2858ac9ad01f}</UniqueIdentifier>
    </Filter>
    <Filter Include="Public\Table">
      <UniqueIdentifier>{5655208e-388d-4c83-a971-a3a37cfe3115}</UniqueIdentifier>
    </Filter>
    <Filter Include="Public\Solar">
      <UniqueIdentifier>{1f82ef09-4830-4647-a2a3-ffe8babbe3cf}</UniqueIdentifier>
    </Filter>
    <Filter Include="Routine">
      <UniqueIdentifier>{a45694c3-38f1-4588-9ff4-51f51bb1a90d}</UniqueIdentifier>
    </Filter>
    <Filter Include="Scene">
      <UniqueIdentifier>{f529e441-d727-42fb-9f6e-2d6ff79ebf14}</UniqueIdentifier>
    </Filter>
    <Filter Include="Scene\AI">
      <UniqueIdentifier>{b9836869-e971-42e6-9381-1d54c9798a28}</UniqueIdentifier>
    </Filter>
    <Filter Include="Scene\AI\AIBehavior">
      <UniqueIdentifier>{6d8acfd8-bb41-4fdf-9164-6a0669dad2b5}</UniqueIdentifier>
    </Filter>
    <Filter Include="Scene\AI\AICondition">
      <UniqueIdentifier>{12348719-b80d-450d-8354-e7e9f4f52995}</UniqueIdentifier>
    </Filter>
    <Filter Include="Scene\AI\AIGoalSensor">
      <UniqueIdentifier>{d6f73c04-f272-4e70-86c0-78efbd706cba}</UniqueIdentifier>
    </Filter>
    <Filter Include="Scene\AI\AIPolicy">
      <UniqueIdentifier>{7ff81475-e05a-497d-bb4e-48dd6ca1a94a}</UniqueIdentifier>
    </Filter>
    <Filter Include="Scene\AI\AIKnowledge">
      <UniqueIdentifier>{a72c7ae5-67e6-4c53-84d6-13ebdc4c3e3b}</UniqueIdentifier>
    </Filter>
    <Filter Include="Scene\AI\AIDebugable">
      <UniqueIdentifier>{2457d222-1c9c-48f1-af41-41d9bb462e09}</UniqueIdentifier>
    </Filter>
    <Filter Include="Scene\AI\GameDfine_AI">
      <UniqueIdentifier>{f91359d8-9bca-4ebf-9836-9c9c72e75852}</UniqueIdentifier>
    </Filter>
    <Filter Include="Scene\Obj">
      <UniqueIdentifier>{f488c692-c7e3-4e62-aa3d-da35518e6bdb}</UniqueIdentifier>
    </Filter>
    <Filter Include="Public\Utils">
      <UniqueIdentifier>{8b73fe68-07c9-490d-b745-e61467dc996b}</UniqueIdentifier>
    </Filter>
    <Filter Include="Editor">
      <UniqueIdentifier>{80395b9d-9c0e-4292-8171-768803277730}</UniqueIdentifier>
    </Filter>
    <Filter Include="Bridge">
      <UniqueIdentifier>{7959b8c1-0e2c-494e-b78d-2e42f46399a5}</UniqueIdentifier>
    </Filter>
    <Filter Include="Public\Utils\fmt">
      <UniqueIdentifier>{02de25ed-1117-4193-93ac-c449b02d156b}</UniqueIdentifier>
    </Filter>
    <Filter Include="Scene\AI\AISignal">
      <UniqueIdentifier>{3169d4d3-bfa4-46f5-a987-51b4019983ee}</UniqueIdentifier>
    </Filter>
  </ItemGroup>
</Project>